{
  "version": "4",
  "specifiers": {
    "jsr:@std/assert@1": "1.0.6",
    "jsr:@std/internal@^1.0.4": "1.0.4",
    "npm:tough-cookie@*": "5.0.0",
    "npm:tough-cookie@5": "5.0.0"
  },
  "jsr": {
    "@std/assert@1.0.6": {
      "integrity": "1904c05806a25d94fe791d6d883b685c9e2dcd60e4f9fc30f4fc5cf010c72207",
      "dependencies": [
        "jsr:@std/internal"
      ]
    },
    "@std/internal@1.0.4": {
      "integrity": "62e8e4911527e5e4f307741a795c0b0a9e6958d0b3790716ae71ce085f755422"
    }
  },
  "npm": {
    "tldts-core@6.1.56": {
      "integrity": "sha512-Ihxv/Bwiyj73icTYVgBUkQ3wstlCglLoegSgl64oSrGUBX1hc7Qmf/CnrnJLaQdZrCnTaLqMYOwKMKlkfkFrxQ=="
    },
    "tldts@6.1.56": {
      "integrity": "sha512-2PT1oRZCxtsbLi5R2SQjE/v4vvgRggAtVcYj+3Rrcnu2nPZvu7m64+gDa/EsVSWd3QzEc0U0xN+rbEKsJC47kA==",
      "dependencies": [
        "tldts-core"
      ]
    },
    "tough-cookie@5.0.0": {
      "integrity": "sha512-FRKsF7cz96xIIeMZ82ehjC3xW2E+O2+v11udrDYewUbszngYhsGa8z6YUMMzO9QJZzzyd0nGGXnML/TReX6W8Q==",
      "dependencies": [
        "tldts"
      ]
    }
  },
  "workspace": {
    "dependencies": [
      "jsr:@std/assert@1",
      "npm:tough-cookie@5"
    ]
  }
}
